
Microsoft Visual Studio Solution File, Format Version 12.00
# Visual Studio Version 16
VisualStudioVersion = 16.0.30320.27
MinimumVisualStudioVersion = 10.0.40219.1
Project("{FAE04EC0-301F-11D3-BF4B-00C04F79EFBC}") = "AgileContentLogConverter", "AgileContentLogConverter.csproj", "{A803B2CD-DB26-4B4B-B017-74FEE05B8034}"
EndProject
Project("{FAE04EC0-301F-11D3-BF4B-00C04F79EFBC}") = "UnitTests", "UnitTests\UnitTests.csproj", "{8FD1D1D9-045C-48CD-9D2A-5FA7DE161BAB}"
EndProject
Global
	GlobalSection(SolutionConfigurationPlatforms) = preSolution
		Debug|Any CPU = Debug|Any CPU
		Release|Any CPU = Release|Any CPU
	EndGlobalSection
	GlobalSection(ProjectConfigurationPlatforms) = postSolution
		{A803B2CD-DB26-4B4B-B017-74FEE05B8034}.Debug|Any CPU.ActiveCfg = Release|Any CPU
		{A803B2CD-DB26-4B4B-B017-74FEE05B8034}.Debug|Any CPU.Build.0 = Release|Any CPU
		{A803B2CD-DB26-4B4B-B017-74FEE05B8034}.Release|Any CPU.ActiveCfg = Release|Any CPU
		{A803B2CD-DB26-4B4B-B017-74FEE05B8034}.Release|Any CPU.Build.0 = Release|Any CPU
		{8FD1D1D9-045C-48CD-9D2A-5FA7DE161BAB}.Debug|Any CPU.ActiveCfg = Debug|Any CPU
		{8FD1D1D9-045C-48CD-9D2A-5FA7DE161BAB}.Debug|Any CPU.Build.0 = Debug|Any CPU
		{8FD1D1D9-045C-48CD-9D2A-5FA7DE161BAB}.Release|Any CPU.ActiveCfg = Release|Any CPU
		{8FD1D1D9-045C-48CD-9D2A-5FA7DE161BAB}.Release|Any CPU.Build.0 = Release|Any CPU
	EndGlobalSection
	GlobalSection(SolutionProperties) = preSolution
		HideSolutionNode = FALSE
	EndGlobalSection
	GlobalSection(ExtensibilityGlobals) = postSolution
		SolutionGuid = {BDDFBD33-6D5C-44E6-8A73-60B97E14ECD6}
	EndGlobalSection
EndGlobal
